
Microsoft Visual Studio Solution File, Format Version 9.00
# Visual Studio 2005
Project("{FAE04EC0-301F-11D3-BF4B-00C04F79EFBC}") = "ShowFilesDemo", "ShowFilesDemo\ShowFilesDemo.csproj", "{4EC957EB-C458-45B3-A2A0-3CF423CB8234}"
EndProject
Global
	GlobalSection(SolutionConfigurationPlatforms) = preSolution
		Debug|Any CPU = Debug|Any CPU
		Release|Any CPU = Release|Any CPU
	EndGlobalSection
	GlobalSection(ProjectConfigurationPlatforms) = postSolution
		{4EC957EB-C458-45B3-A2A0-3CF423CB8234}.Debug|Any CPU.ActiveCfg = Debug|Any CPU
		{4EC957EB-C458-45B3-A2A0-3CF423CB8234}.Debug|Any CPU.Build.0 = Debug|Any CPU
		{4EC957EB-C458-45B3-A2A0-3CF423CB8234}.Release|Any CPU.ActiveCfg = Release|Any CPU
		{4EC957EB-C458-45B3-A2A0-3CF423CB8234}.Release|Any CPU.Build.0 = Release|Any CPU
	EndGlobalSection
	GlobalSection(SolutionProperties) = preSolution
		HideSolutionNode = FALSE
	EndGlobalSection
EndGlobal
