
Microsoft Visual Studio Solution File, Format Version 9.00
# Visual Studio 2005
Project("{FAE04EC0-301F-11D3-BF4B-00C04F79EFBC}") = "GroupsSample", "GroupsSample\GroupsSample.csproj", "{8699FAB2-1C7D-4AF2-B6D4-5285D7D32205}"
EndProject
Global
	GlobalSection(SolutionConfigurationPlatforms) = preSolution
		Debug|Any CPU = Debug|Any CPU
		Release|Any CPU = Release|Any CPU
	EndGlobalSection
	GlobalSection(ProjectConfigurationPlatforms) = postSolution
		{8699FAB2-1C7D-4AF2-B6D4-5285D7D32205}.Debug|Any CPU.ActiveCfg = Debug|Any CPU
		{8699FAB2-1C7D-4AF2-B6D4-5285D7D32205}.Debug|Any CPU.Build.0 = Debug|Any CPU
		{8699FAB2-1C7D-4AF2-B6D4-5285D7D32205}.Release|Any CPU.ActiveCfg = Release|Any CPU
		{8699FAB2-1C7D-4AF2-B6D4-5285D7D32205}.Release|Any CPU.Build.0 = Release|Any CPU
	EndGlobalSection
	GlobalSection(SolutionProperties) = preSolution
		HideSolutionNode = FALSE
	EndGlobalSection
EndGlobal
