
Microsoft Visual Studio Solution File, Format Version 9.00
# Visual Studio 2005
Project("{FAE04EC0-301F-11D3-BF4B-00C04F79EFBC}") = "ShowBootIni", "ShowBootIni\ShowBootIni.csproj", "{86A9E36F-965E-42AF-A1F5-FA12C77D3B79}"
EndProject
Project("{FAE04EC0-301F-11D3-BF4B-00C04F79EFBC}") = "AppDomainDemo", "AppDomainDemo\AppDomainDemo.csproj", "{A4CAB0FA-8C16-4FAB-9044-620CC96C65F8}"
EndProject
Global
	GlobalSection(SolutionConfigurationPlatforms) = preSolution
		Debug|Any CPU = Debug|Any CPU
		Release|Any CPU = Release|Any CPU
	EndGlobalSection
	GlobalSection(ProjectConfigurationPlatforms) = postSolution
		{86A9E36F-965E-42AF-A1F5-FA12C77D3B79}.Debug|Any CPU.ActiveCfg = Debug|Any CPU
		{86A9E36F-965E-42AF-A1F5-FA12C77D3B79}.Debug|Any CPU.Build.0 = Debug|Any CPU
		{86A9E36F-965E-42AF-A1F5-FA12C77D3B79}.Release|Any CPU.ActiveCfg = Release|Any CPU
		{86A9E36F-965E-42AF-A1F5-FA12C77D3B79}.Release|Any CPU.Build.0 = Release|Any CPU
		{A4CAB0FA-8C16-4FAB-9044-620CC96C65F8}.Debug|Any CPU.ActiveCfg = Debug|Any CPU
		{A4CAB0FA-8C16-4FAB-9044-620CC96C65F8}.Debug|Any CPU.Build.0 = Debug|Any CPU
		{A4CAB0FA-8C16-4FAB-9044-620CC96C65F8}.Release|Any CPU.ActiveCfg = Release|Any CPU
		{A4CAB0FA-8C16-4FAB-9044-620CC96C65F8}.Release|Any CPU.Build.0 = Release|Any CPU
	EndGlobalSection
	GlobalSection(SolutionProperties) = preSolution
		HideSolutionNode = FALSE
	EndGlobalSection
EndGlobal
