
Microsoft Visual Studio Solution File, Format Version 9.00
# Visual Studio 2005
Project("{FAE04EC0-301F-11D3-BF4B-00C04F79EFBC}") = "TestEncoding", "TestEncoding\TestEncoding.csproj", "{EA5F76FC-1523-4520-8916-46BAFB67F830}"
EndProject
Global
	GlobalSection(SolutionConfigurationPlatforms) = preSolution
		Debug|Any CPU = Debug|Any CPU
		Release|Any CPU = Release|Any CPU
	EndGlobalSection
	GlobalSection(ProjectConfigurationPlatforms) = postSolution
		{EA5F76FC-1523-4520-8916-46BAFB67F830}.Debug|Any CPU.ActiveCfg = Debug|Any CPU
		{EA5F76FC-1523-4520-8916-46BAFB67F830}.Debug|Any CPU.Build.0 = Debug|Any CPU
		{EA5F76FC-1523-4520-8916-46BAFB67F830}.Release|Any CPU.ActiveCfg = Release|Any CPU
		{EA5F76FC-1523-4520-8916-46BAFB67F830}.Release|Any CPU.Build.0 = Release|Any CPU
	EndGlobalSection
	GlobalSection(SolutionProperties) = preSolution
		HideSolutionNode = FALSE
	EndGlobalSection
EndGlobal
