
Microsoft Visual Studio Solution File, Format Version 9.00
# Visual Studio 2005
Project("{FAE04EC0-301F-11D3-BF4B-00C04F79EFBC}") = "BufferedStreamSample", "BufferedStreamSample\BufferedStreamSample.csproj", "{B36B4BBF-9FF7-4565-9224-1E5BA4E5C310}"
EndProject
Global
	GlobalSection(SolutionConfigurationPlatforms) = preSolution
		Debug|Any CPU = Debug|Any CPU
		Release|Any CPU = Release|Any CPU
	EndGlobalSection
	GlobalSection(ProjectConfigurationPlatforms) = postSolution
		{B36B4BBF-9FF7-4565-9224-1E5BA4E5C310}.Debug|Any CPU.ActiveCfg = Debug|Any CPU
		{B36B4BBF-9FF7-4565-9224-1E5BA4E5C310}.Debug|Any CPU.Build.0 = Debug|Any CPU
		{B36B4BBF-9FF7-4565-9224-1E5BA4E5C310}.Release|Any CPU.ActiveCfg = Release|Any CPU
		{B36B4BBF-9FF7-4565-9224-1E5BA4E5C310}.Release|Any CPU.Build.0 = Release|Any CPU
	EndGlobalSection
	GlobalSection(SolutionProperties) = preSolution
		HideSolutionNode = FALSE
	EndGlobalSection
EndGlobal
