
Microsoft Visual Studio Solution File, Format Version 9.00
# Visual Studio 2005
Project("{FAE04EC0-301F-11D3-BF4B-00C04F79EFBC}") = "AgendaContatos", "AgendaContatos\AgendaContatos.csproj", "{4CB83743-8F4C-4836-BD93-18A52B5A0D60}"
EndProject
Project("{FAE04EC0-301F-11D3-BF4B-00C04F79EFBC}") = "TesteAgendaContaos", "TesteAgendaContaos\TesteAgendaContaos.csproj", "{550955CC-361C-4432-8E59-8AAA3B4012C1}"
EndProject
Global
	GlobalSection(SolutionConfigurationPlatforms) = preSolution
		Debug|Any CPU = Debug|Any CPU
		Release|Any CPU = Release|Any CPU
	EndGlobalSection
	GlobalSection(ProjectConfigurationPlatforms) = postSolution
		{4CB83743-8F4C-4836-BD93-18A52B5A0D60}.Debug|Any CPU.ActiveCfg = Debug|Any CPU
		{4CB83743-8F4C-4836-BD93-18A52B5A0D60}.Debug|Any CPU.Build.0 = Debug|Any CPU
		{4CB83743-8F4C-4836-BD93-18A52B5A0D60}.Release|Any CPU.ActiveCfg = Release|Any CPU
		{4CB83743-8F4C-4836-BD93-18A52B5A0D60}.Release|Any CPU.Build.0 = Release|Any CPU
		{550955CC-361C-4432-8E59-8AAA3B4012C1}.Debug|Any CPU.ActiveCfg = Debug|Any CPU
		{550955CC-361C-4432-8E59-8AAA3B4012C1}.Debug|Any CPU.Build.0 = Debug|Any CPU
		{550955CC-361C-4432-8E59-8AAA3B4012C1}.Release|Any CPU.ActiveCfg = Release|Any CPU
		{550955CC-361C-4432-8E59-8AAA3B4012C1}.Release|Any CPU.Build.0 = Release|Any CPU
	EndGlobalSection
	GlobalSection(SolutionProperties) = preSolution
		HideSolutionNode = FALSE
	EndGlobalSection
EndGlobal
