
Microsoft Visual Studio Solution File, Format Version 9.00
# Visual Studio 2005
Project("{FAE04EC0-301F-11D3-BF4B-00C04F79EFBC}") = "GenericChainSample", "Pratics\GenericChainSample.csproj", "{29CACF47-5448-40A2-A9AD-C03A7FADF691}"
EndProject
Global
	GlobalSection(SolutionConfigurationPlatforms) = preSolution
		Debug|Any CPU = Debug|Any CPU
		Release|Any CPU = Release|Any CPU
	EndGlobalSection
	GlobalSection(ProjectConfigurationPlatforms) = postSolution
		{29CACF47-5448-40A2-A9AD-C03A7FADF691}.Debug|Any CPU.ActiveCfg = Debug|Any CPU
		{29CACF47-5448-40A2-A9AD-C03A7FADF691}.Debug|Any CPU.Build.0 = Debug|Any CPU
		{29CACF47-5448-40A2-A9AD-C03A7FADF691}.Release|Any CPU.ActiveCfg = Release|Any CPU
		{29CACF47-5448-40A2-A9AD-C03A7FADF691}.Release|Any CPU.Build.0 = Release|Any CPU
	EndGlobalSection
	GlobalSection(SolutionProperties) = preSolution
		HideSolutionNode = FALSE
	EndGlobalSection
EndGlobal
