
Microsoft Visual Studio Solution File, Format Version 9.00
# Visual Studio 2005
Project("{FAE04EC0-301F-11D3-BF4B-00C04F79EFBC}") = "SingleInstance", "SingleInstance\SingleInstance.csproj", "{895A1CC6-6FE6-450B-A324-033AB865617C}"
EndProject
Global
	GlobalSection(SolutionConfigurationPlatforms) = preSolution
		Debug|Any CPU = Debug|Any CPU
		Release|Any CPU = Release|Any CPU
	EndGlobalSection
	GlobalSection(ProjectConfigurationPlatforms) = postSolution
		{895A1CC6-6FE6-450B-A324-033AB865617C}.Debug|Any CPU.ActiveCfg = Debug|Any CPU
		{895A1CC6-6FE6-450B-A324-033AB865617C}.Debug|Any CPU.Build.0 = Debug|Any CPU
		{895A1CC6-6FE6-450B-A324-033AB865617C}.Release|Any CPU.ActiveCfg = Release|Any CPU
		{895A1CC6-6FE6-450B-A324-033AB865617C}.Release|Any CPU.Build.0 = Release|Any CPU
	EndGlobalSection
	GlobalSection(SolutionProperties) = preSolution
		HideSolutionNode = FALSE
	EndGlobalSection
EndGlobal
