
Microsoft Visual Studio Solution File, Format Version 9.00
# Visual Studio 2005
Project("{FAE04EC0-301F-11D3-BF4B-00C04F79EFBC}") = "PathTest", "Path\PathTest.csproj", "{FECDDCF1-A016-4760-9ABF-9EC630E25B2A}"
EndProject
Global
	GlobalSection(SolutionConfigurationPlatforms) = preSolution
		Debug|Any CPU = Debug|Any CPU
		Release|Any CPU = Release|Any CPU
	EndGlobalSection
	GlobalSection(ProjectConfigurationPlatforms) = postSolution
		{FECDDCF1-A016-4760-9ABF-9EC630E25B2A}.Debug|Any CPU.ActiveCfg = Debug|Any CPU
		{FECDDCF1-A016-4760-9ABF-9EC630E25B2A}.Debug|Any CPU.Build.0 = Debug|Any CPU
		{FECDDCF1-A016-4760-9ABF-9EC630E25B2A}.Release|Any CPU.ActiveCfg = Release|Any CPU
		{FECDDCF1-A016-4760-9ABF-9EC630E25B2A}.Release|Any CPU.Build.0 = Release|Any CPU
	EndGlobalSection
	GlobalSection(SolutionProperties) = preSolution
		HideSolutionNode = FALSE
	EndGlobalSection
EndGlobal
